
Microsoft Visual Studio Solution File, Format Version 12.00
# Visual Studio 14
VisualStudioVersion = 14.0.25420.1
MinimumVisualStudioVersion = 10.0.40219.1
Project("{FAE04EC0-301F-11D3-BF4B-00C04F79EFBC}") = "Ej1", "Ej1\Ej1.csproj", "{E01ACB20-48F7-4DDE-A3E2-33207830E5FD}"
EndProject
Project("{FAE04EC0-301F-11D3-BF4B-00C04F79EFBC}") = "Ej2", "Ej2\Ej2.csproj", "{433627EF-252E-4819-A33E-4FC1791E5A4D}"
EndProject
Project("{FAE04EC0-301F-11D3-BF4B-00C04F79EFBC}") = "Ej3", "Ej3\Ej3.csproj", "{2F122100-9390-48C6-BB3F-D021EBED4FB3}"
EndProject
Project("{FAE04EC0-301F-11D3-BF4B-00C04F79EFBC}") = "Ej4", "Ej4\Ej4.csproj", "{F670792E-A6F4-4985-B2F6-A9A19059A542}"
EndProject
Project("{FAE04EC0-301F-11D3-BF4B-00C04F79EFBC}") = "GestorPrestamoTests", "GestorPrestamoTests\GestorPrestamoTests.csproj", "{BBA0B802-2B89-47E2-9FF2-A199E0D6AF18}"
EndProject
Project("{FAE04EC0-301F-11D3-BF4B-00C04F79EFBC}") = "Ej5", "Ej5\Ej5.csproj", "{3ACFDBE2-DF3E-4266-A364-4544616611C6}"
EndProject
Global
	GlobalSection(SolutionConfigurationPlatforms) = preSolution
		Debug|Any CPU = Debug|Any CPU
		Release|Any CPU = Release|Any CPU
	EndGlobalSection
	GlobalSection(ProjectConfigurationPlatforms) = postSolution
		{E01ACB20-48F7-4DDE-A3E2-33207830E5FD}.Debug|Any CPU.ActiveCfg = Debug|Any CPU
		{E01ACB20-48F7-4DDE-A3E2-33207830E5FD}.Debug|Any CPU.Build.0 = Debug|Any CPU
		{E01ACB20-48F7-4DDE-A3E2-33207830E5FD}.Release|Any CPU.ActiveCfg = Release|Any CPU
		{E01ACB20-48F7-4DDE-A3E2-33207830E5FD}.Release|Any CPU.Build.0 = Release|Any CPU
		{433627EF-252E-4819-A33E-4FC1791E5A4D}.Debug|Any CPU.ActiveCfg = Debug|Any CPU
		{433627EF-252E-4819-A33E-4FC1791E5A4D}.Debug|Any CPU.Build.0 = Debug|Any CPU
		{433627EF-252E-4819-A33E-4FC1791E5A4D}.Release|Any CPU.ActiveCfg = Release|Any CPU
		{433627EF-252E-4819-A33E-4FC1791E5A4D}.Release|Any CPU.Build.0 = Release|Any CPU
		{2F122100-9390-48C6-BB3F-D021EBED4FB3}.Debug|Any CPU.ActiveCfg = Debug|Any CPU
		{2F122100-9390-48C6-BB3F-D021EBED4FB3}.Debug|Any CPU.Build.0 = Debug|Any CPU
		{2F122100-9390-48C6-BB3F-D021EBED4FB3}.Release|Any CPU.ActiveCfg = Release|Any CPU
		{2F122100-9390-48C6-BB3F-D021EBED4FB3}.Release|Any CPU.Build.0 = Release|Any CPU
		{F670792E-A6F4-4985-B2F6-A9A19059A542}.Debug|Any CPU.ActiveCfg = Debug|Any CPU
		{F670792E-A6F4-4985-B2F6-A9A19059A542}.Debug|Any CPU.Build.0 = Debug|Any CPU
		{F670792E-A6F4-4985-B2F6-A9A19059A542}.Release|Any CPU.ActiveCfg = Release|Any CPU
		{F670792E-A6F4-4985-B2F6-A9A19059A542}.Release|Any CPU.Build.0 = Release|Any CPU
		{BBA0B802-2B89-47E2-9FF2-A199E0D6AF18}.Debug|Any CPU.ActiveCfg = Debug|Any CPU
		{BBA0B802-2B89-47E2-9FF2-A199E0D6AF18}.Debug|Any CPU.Build.0 = Debug|Any CPU
		{BBA0B802-2B89-47E2-9FF2-A199E0D6AF18}.Release|Any CPU.ActiveCfg = Release|Any CPU
		{BBA0B802-2B89-47E2-9FF2-A199E0D6AF18}.Release|Any CPU.Build.0 = Release|Any CPU
		{3ACFDBE2-DF3E-4266-A364-4544616611C6}.Debug|Any CPU.ActiveCfg = Debug|Any CPU
		{3ACFDBE2-DF3E-4266-A364-4544616611C6}.Debug|Any CPU.Build.0 = Debug|Any CPU
		{3ACFDBE2-DF3E-4266-A364-4544616611C6}.Release|Any CPU.ActiveCfg = Release|Any CPU
		{3ACFDBE2-DF3E-4266-A364-4544616611C6}.Release|Any CPU.Build.0 = Release|Any CPU
	EndGlobalSection
	GlobalSection(SolutionProperties) = preSolution
		HideSolutionNode = FALSE
	EndGlobalSection
EndGlobal
